
Microsoft Visual Studio Solution File, Format Version 12.00
Project("{FAE04EC0-301F-11D3-BF4B-00C04F79EFBC}") = "SimpleToolkit.UI.WinUI.Controls", "SimpleToolkit.UI.WinUI.Controls\SimpleToolkit.UI.WinUI.Controls.csproj", "{79498846-9925-4570-B88A-8D587559E443}"
EndProject
Global
	GlobalSection(SolutionConfigurationPlatforms) = preSolution
		Debug|Any CPU = Debug|Any CPU
		Release|Any CPU = Release|Any CPU
	EndGlobalSection
	GlobalSection(ProjectConfigurationPlatforms) = postSolution
		{79498846-9925-4570-B88A-8D587559E443}.Debug|Any CPU.ActiveCfg = Debug|Any CPU
		{79498846-9925-4570-B88A-8D587559E443}.Debug|Any CPU.Build.0 = Debug|Any CPU
		{79498846-9925-4570-B88A-8D587559E443}.Release|Any CPU.ActiveCfg = Release|Any CPU
		{79498846-9925-4570-B88A-8D587559E443}.Release|Any CPU.Build.0 = Release|Any CPU
	EndGlobalSection
EndGlobal
